
Microsoft Visual Studio Solution File, Format Version 12.00
# Visual Studio 14
VisualStudioVersion = 14.0.23107.0
MinimumVisualStudioVersion = 10.0.40219.1
Project("{FAE04EC0-301F-11D3-BF4B-00C04F79EFBC}") = "DAL", "DAL\DAL.csproj", "{D64CD1BD-A6ED-41E5-BA64-F01BA095083D}"
EndProject
Project("{FAE04EC0-301F-11D3-BF4B-00C04F79EFBC}") = "BLL", "BLL\BLL.csproj", "{DEAC9E3E-9B80-45B3-A907-9AA7E313E1C3}"
EndProject
Project("{FAE04EC0-301F-11D3-BF4B-00C04F79EFBC}") = "Api", "Api\Api.csproj", "{4FEC65AC-5BA4-4A33-834D-B7A3C220AC6E}"
EndProject
Project("{FAE04EC0-301F-11D3-BF4B-00C04F79EFBC}") = "TooDooUI", "TooDooUI\TooDooUI.csproj", "{455EA75E-55CF-4A82-9627-95BDB7A312EB}"
EndProject
Project("{FAE04EC0-301F-11D3-BF4B-00C04F79EFBC}") = "Core", "Core\Core.csproj", "{FEF6BC5D-C559-4AA2-AA69-8D146197B32B}"
EndProject
Global
	GlobalSection(SolutionConfigurationPlatforms) = preSolution
		Debug|Any CPU = Debug|Any CPU
		Release|Any CPU = Release|Any CPU
	EndGlobalSection
	GlobalSection(ProjectConfigurationPlatforms) = postSolution
		{D64CD1BD-A6ED-41E5-BA64-F01BA095083D}.Debug|Any CPU.ActiveCfg = Debug|Any CPU
		{D64CD1BD-A6ED-41E5-BA64-F01BA095083D}.Debug|Any CPU.Build.0 = Debug|Any CPU
		{D64CD1BD-A6ED-41E5-BA64-F01BA095083D}.Release|Any CPU.ActiveCfg = Release|Any CPU
		{D64CD1BD-A6ED-41E5-BA64-F01BA095083D}.Release|Any CPU.Build.0 = Release|Any CPU
		{DEAC9E3E-9B80-45B3-A907-9AA7E313E1C3}.Debug|Any CPU.ActiveCfg = Debug|Any CPU
		{DEAC9E3E-9B80-45B3-A907-9AA7E313E1C3}.Debug|Any CPU.Build.0 = Debug|Any CPU
		{DEAC9E3E-9B80-45B3-A907-9AA7E313E1C3}.Release|Any CPU.ActiveCfg = Release|Any CPU
		{DEAC9E3E-9B80-45B3-A907-9AA7E313E1C3}.Release|Any CPU.Build.0 = Release|Any CPU
		{4FEC65AC-5BA4-4A33-834D-B7A3C220AC6E}.Debug|Any CPU.ActiveCfg = Debug|Any CPU
		{4FEC65AC-5BA4-4A33-834D-B7A3C220AC6E}.Debug|Any CPU.Build.0 = Debug|Any CPU
		{4FEC65AC-5BA4-4A33-834D-B7A3C220AC6E}.Release|Any CPU.ActiveCfg = Release|Any CPU
		{4FEC65AC-5BA4-4A33-834D-B7A3C220AC6E}.Release|Any CPU.Build.0 = Release|Any CPU
		{455EA75E-55CF-4A82-9627-95BDB7A312EB}.Debug|Any CPU.ActiveCfg = Debug|Any CPU
		{455EA75E-55CF-4A82-9627-95BDB7A312EB}.Debug|Any CPU.Build.0 = Debug|Any CPU
		{455EA75E-55CF-4A82-9627-95BDB7A312EB}.Release|Any CPU.ActiveCfg = Release|Any CPU
		{455EA75E-55CF-4A82-9627-95BDB7A312EB}.Release|Any CPU.Build.0 = Release|Any CPU
		{FEF6BC5D-C559-4AA2-AA69-8D146197B32B}.Debug|Any CPU.ActiveCfg = Debug|Any CPU
		{FEF6BC5D-C559-4AA2-AA69-8D146197B32B}.Debug|Any CPU.Build.0 = Debug|Any CPU
		{FEF6BC5D-C559-4AA2-AA69-8D146197B32B}.Release|Any CPU.ActiveCfg = Release|Any CPU
		{FEF6BC5D-C559-4AA2-AA69-8D146197B32B}.Release|Any CPU.Build.0 = Release|Any CPU
	EndGlobalSection
	GlobalSection(SolutionProperties) = preSolution
		HideSolutionNode = FALSE
	EndGlobalSection
EndGlobal
